<?xml version="1.0" encoding="utf-8"?>
<Project ToolsVersion="4.0" xmlns="http://schemas.microsoft.com/developer/msbuild/2003">
  <ItemGroup>
    <FxCompile Include="PixelShader.hlsl">
      <Filter>Shader\hlsl</Filter>
    </FxCompile>
    <FxCompile Include="VertexShader.hlsl">
      <Filter>Shader\hlsl</Filter>
    </FxCompile>
  </ItemGroup>
  <ItemGroup>
    <ClCompile Include="LabProject06.cpp">
      <Filter>Start</Filter>
    </ClCompile>
    <ClCompile Include="GameFramework.cpp">
      <Filter>Framework</Filter>
    </ClCompile>
    <ClCompile Include="GameObject.cpp">
      <Filter>Object</Filter>
    </ClCompile>
    <ClCompile Include="Mesh.cpp">
      <Filter>Mesh</Filter>
    </ClCompile>
    <ClCompile Include="Timer.cpp">
      <Filter>Timer</Filter>
    </ClCompile>
    <ClCompile Include="Scene.cpp">
      <Filter>Scene</Filter>
    </ClCompile>
    <ClCompile Include="stdafx.cpp">
      <Filter>pch</Filter>
    </ClCompile>
    <ClCompile Include="Shader.cpp">
      <Filter>Shader</Filter>
    </ClCompile>
  </ItemGroup>
  <ItemGroup>
    <ClInclude Include="LabProject06.h">
      <Filter>Start</Filter>
    </ClInclude>
    <ClInclude Include="GameFramework.h">
      <Filter>Framework</Filter>
    </ClInclude>
    <ClInclude Include="GameObject.h">
      <Filter>Object</Filter>
    </ClInclude>
    <ClInclude Include="Mesh.h">
      <Filter>Mesh</Filter>
    </ClInclude>
    <ClInclude Include="Resource.h">
      <Filter>Resource</Filter>
    </ClInclude>
    <ClInclude Include="targetver.h">
      <Filter>Resource</Filter>
    </ClInclude>
    <ClInclude Include="Timer.h">
      <Filter>Timer</Filter>
    </ClInclude>
    <ClInclude Include="Scene.h">
      <Filter>Scene</Filter>
    </ClInclude>
    <ClInclude Include="stdafx.h">
      <Filter>pch</Filter>
    </ClInclude>
    <ClInclude Include="Shader.h">
      <Filter>Shader</Filter>
    </ClInclude>
  </ItemGroup>
  <ItemGroup>
    <Image Include="LabProject06.ico">
      <Filter>Resource</Filter>
    </Image>
    <Image Include="small.ico">
      <Filter>Resource</Filter>
    </Image>
  </ItemGroup>
  <ItemGroup>
    <Filter Include="Start">
      <UniqueIdentifier>{4e5c82b7-4491-4688-8572-983381256cbc}</UniqueIdentifier>
    </Filter>
    <Filter Include="Framework">
      <UniqueIdentifier>{4338610b-28b4-49fc-a2c4-f4a272e0c4c9}</UniqueIdentifier>
    </Filter>
    <Filter Include="Object">
      <UniqueIdentifier>{f333d7ed-55bc-46f9-a23e-10f241d63607}</UniqueIdentifier>
    </Filter>
    <Filter Include="Mesh">
      <UniqueIdentifier>{fd0206f1-dd10-458d-b5d2-10800debeae4}</UniqueIdentifier>
    </Filter>
    <Filter Include="Shader">
      <UniqueIdentifier>{e545e3bf-90c0-4893-8d15-ee443267b78a}</UniqueIdentifier>
    </Filter>
    <Filter Include="Resource">
      <UniqueIdentifier>{ddeaf3d5-25f8-4de4-8b30-3fd1e1865f67}</UniqueIdentifier>
    </Filter>
    <Filter Include="Timer">
      <UniqueIdentifier>{1acb00c3-3013-42f6-a26e-f59485a4cad0}</UniqueIdentifier>
    </Filter>
    <Filter Include="Scene">
      <UniqueIdentifier>{70012102-730e-4e57-b0da-409e1cc0ad3b}</UniqueIdentifier>
    </Filter>
    <Filter Include="pch">
      <UniqueIdentifier>{ccdae28b-2e1b-4910-becd-91f5aeee69d3}</UniqueIdentifier>
    </Filter>
    <Filter Include="Shader\hlsl">
      <UniqueIdentifier>{74ffe3cb-eac6-4396-9a23-865b474aa29b}</UniqueIdentifier>
    </Filter>
  </ItemGroup>
  <ItemGroup>
    <ResourceCompile Include="LabProject06.rc">
      <Filter>Resource</Filter>
    </ResourceCompile>
  </ItemGroup>
</Project>